{
  "lockfileVersion": 1,
  "configVersion": 1,
  "workspaces": {
    "": {
      "name": "skilled-potato",
      "dependencies": {
        "chalk": "^5",
        "prompts": "^2.4.2",
      },
      "devDependencies": {
        "@biomejs/biome": "^2.5.12",
        "@types/node": "^20.14.0",
        "@types/prompts": "^2.4.9",
        "typescript": "^5.6.0",
      },
    },
  },
  "packages": {
    "@biomejs/biome": ["@biomejs/biome@2.5.12", "", { "optionalDependencies": { "@biomejs/cli-darwin-arm64": "2.5.12", "@biomejs/cli-darwin-x64": "2.5.12", "@biomejs/cli-linux-arm64": "2.5.12", "@biomejs/cli-linux-arm64-musl": "2.5.12", "@biomejs/cli-linux-x64": "2.5.12", "@biomejs/cli-linux-x64-musl": "2.5.12", "@biomejs/cli-win32-arm64": "2.5.12", "@biomejs/cli-win32-x64": "2.5.12" }, "bin": { "biome": "bin/biome" } }, "sha512-Lw4VHZRebrReBBnlHa12JQjnIBm3JJAA55PDB9LbBVBF0q4RYphm6KfmIjqtPhf61MxZ5Q9KoK8R8x+7per5Aw=="],

    "@biomejs/cli-darwin-arm64": ["@biomejs/cli-darwin-arm64@2.5.12", "", { "os": "darwin", "cpu": "arm64" }, "sha512-lCRY1rwgNeWNgTr4DI/u6ZwXTRwRLHAvbaio1YLLGS+4r1nhvB2ssyPqIpfUSmRveNfv0fn/N58C7CAdK2XVrg=="],

    "@biomejs/cli-darwin-x64": ["@biomejs/cli-darwin-x64@2.5.12", "", { "os": "darwin", "cpu": "x64" }, "sha512-vhPgwnh+6tN3ArdAXuET99xaNbFt7CG82Bqn+omHVLC5xdVx45JsYjGPmUIGNzjDek5XdNCP1HKksK7fn8+3bQ=="],

    "@biomejs/cli-linux-arm64": ["@biomejs/cli-linux-arm64@2.5.12", "", { "os": "linux", "cpu": "arm64" }, "sha512-2gp8aVwXYKdAtmBfRFCUuyDMcfN1ahHqUkGfLYrZlNRFmryMATLVvJgWKvyA8wu4Rwn5OSxM1UcUmOuOFNGeBQ=="],

    "@biomejs/cli-linux-arm64-musl": ["@biomejs/cli-linux-arm64-musl@2.5.12", "", { "os": "linux", "cpu": "arm64" }, "sha512-couHYjFLL5uuI8ne6zhT7KwEsXo5YP7ry/2xmEqah7qanu0YmfDi3mwJg47YXSuv/NpZj22CZzcRH/5c4gjPSQ=="],

    "@biomejs/cli-linux-x64": ["@biomejs/cli-linux-x64@2.5.12", "", { "os": "linux", "cpu": "x64" }, "sha512-SnvOs3TSTiuia4SQOUNe1aWC9RT4+YkjcKnOhL/nsKOV0k5ycgBkDzF0lUxKn1V7Q8CLTRq6iV23ZAivHomRoA=="],

    "@biomejs/cli-linux-x64-musl": ["@biomejs/cli-linux-x64-musl@2.5.12", "", { "os": "linux", "cpu": "x64" }, "sha512-8A0oDW58/w9f/PQNYuq0sGUZtGtGrkNF4Z6n0PUoXpLCshi85vtKTv1XSznQawhdE4MXJ8ufpzHXyLFe87M/+w=="],

    "@biomejs/cli-win32-arm64": ["@biomejs/cli-win32-arm64@2.5.12", "", { "os": "win32", "cpu": "arm64" }, "sha512-b9vtoZFsuZt1pdjNwJvXl0f+BpayRzV008uS2+JpmwIKdSE2qdu4A/l04FESwLoou5g2E/Qlec0xwJydZplH+A=="],

    "@biomejs/cli-win32-x64": ["@biomejs/cli-win32-x64@2.5.12", "", { "os": "win32", "cpu": "x64" }, "sha512-B1R/l+CwEpKFSuqiwePzPNRk1EiJN8kc0UhdafNz6MZN9v5OFP9HYP1irptvWzHrwVI4blVNGMbxc5zt70m3IA=="],

    "@types/node": ["@types/node@20.19.43", "", { "dependencies": { "undici-types": "~6.21.0" } }, "sha512-6oYBAi5ikg4Pl+kGsoYtawUMBT2zZMCvPNF7pVLnHZfd1zf38DRiWn/gT01RYCdUqkv7Fhr+C9ot4/tb+2sVvA=="],

    "@types/prompts": ["@types/prompts@2.4.9", "", { "dependencies": { "@types/node": "*", "kleur": "^3.0.3" } }, "sha512-qTxFi6Buiu8+50/+3DGIWLHM6QuWsEKugJnnP6iv2Mc4ncxE4A/OJkjuVOA+5X0X1S/nq5VJRa8Lu+nwcvbrKA=="],

    "chalk": ["chalk@5.6.2", "", {}, "sha512-7NzBL0rN6fMUW+f7A6Io4h40qQlG+xGmtMxfbnH/K7TAtt8JQWVQK+6g0UXKMeVJoyV5EkkNsErQ8pVD3bLHbA=="],

    "kleur": ["kleur@3.0.3", "", {}, "sha512-eTIzlVOSUR+JxdDFepEYcBMtZ9Qqdef+rnzWdRZuMbOywu5tO2w2N7rqjoANZ5k9vywhL6Br1VRjUIgTQx4E8w=="],

    "prompts": ["prompts@2.4.2", "", { "dependencies": { "kleur": "^3.0.3", "sisteransi": "^1.0.5" } }, "sha512-NxNv/kLguCA7p3jE8oL2aEBsrJWgAakBpgmgK6lpPWV+WuOmY6r2/zbAVnP+T8bQlA0nzHXSJSJW0Hq7ylaD2Q=="],

    "sisteransi": ["sisteransi@1.0.5", "", {}, "sha512-bLGGlR1QxBcynn2d5YmDX4MGjlZvy2MRBDRNHLJ8VI6l6+9FUiyTFNJ0IveOSP0bcXgVDPRcfGqA0pjaqUpfVg=="],

    "typescript": ["typescript@5.9.3", "", { "bin": { "tsc": "bin/tsc", "tsserver": "bin/tsserver" } }, "sha512-jl1vZzPDinLr9eUt3J/t7V6FgNEw9QjvBPdysz9KfQDD41fQrC2Y4vKQdiaUpFT4bXlb1RHhLpp8wtm6M5TgSw=="],

    "undici-types": ["undici-types@6.21.0", "", {}, "sha512-iwDZqg0QAGrg9Rav5H4n0M64c3mkR59cJ6wQp+7C4nI0gsmExaedaYLNO44eT4AtBBwjbTiGPMlt2Md0T9H9JQ=="],
  }
}
